// !$*UTF8*$!
{
	archiveVersion = 1;
	classes = {
	};
	objectVersion = 56;
	objects = {

/* Begin PBXBuildFile section */
		A3BBB0EE2AD0340E00D9EBF5 /* AppDelegate.swift in Sources */ = {isa = PBXBuildFile; fileRef = A3BBB0ED2AD0340E00D9EBF5 /* AppDelegate.swift */; };
		A3BBB0F02AD0340E00D9EBF5 /* SceneDelegate.swift in Sources */ = {isa = PBXBuildFile; fileRef = A3BBB0EF2AD0340E00D9EBF5 /* SceneDelegate.swift */; };
		A3BBB0F22AD0340E00D9EBF5 /* ViewController.swift in Sources */ = {isa = PBXBuildFile; fileRef = A3BBB0F12AD0340E00D9EBF5 /* ViewController.swift */; };
		A3BBB0F52AD0340E00D9EBF5 /* Main.storyboard in Resources */ = {isa = PBXBuildFile; fileRef = A3BBB0F32AD0340E00D9EBF5 /* Main.storyboard */; };
		A3BBB0F72AD0341000D9EBF5 /* Assets.xcassets in Resources */ = {isa = PBXBuildFile; fileRef = A3BBB0F62AD0341000D9EBF5 /* Assets.xcassets */; };
		A3BBB0FA2AD0341000D9EBF5 /* LaunchScreen.storyboard in Resources */ = {isa = PBXBuildFile; fileRef = A3BBB0F82AD0341000D9EBF5 /* LaunchScreen.storyboard */; };
		A3BBB1022AD0358000D9EBF5 /* PostsData.swift in Sources */ = {isa = PBXBuildFile; fileRef = A3BBB1012AD0358000D9EBF5 /* PostsData.swift */; };
		A3BBB1042AD0369600D9EBF5 /* PostsViewModel.swift in Sources */ = {isa = PBXBuildFile; fileRef = A3BBB1032AD0369600D9EBF5 /* PostsViewModel.swift */; };
		E0E543DEE3CDB2E773F08F43 /* libPods-Posts.a in Frameworks */ = {isa = PBXBuildFile; fileRef = 4FED20BE266B9DD00C6990D2 /* libPods-Posts.a */; };
/* End PBXBuildFile section */

/* Begin PBXFileReference section */
		4FED20BE266B9DD00C6990D2 /* libPods-Posts.a */ = {isa = PBXFileReference; explicitFileType = archive.ar; includeInIndex = 0; path = "libPods-Posts.a"; sourceTree = BUILT_PRODUCTS_DIR; };
		61E2A626DF78EE5931FC11C8 /* Pods-Posts.release.xcconfig */ = {isa = PBXFileReference; includeInIndex = 1; lastKnownFileType = text.xcconfig; name = "Pods-Posts.release.xcconfig"; path = "Target Support Files/Pods-Posts/Pods-Posts.release.xcconfig"; sourceTree = "<group>"; };
		A3BBB0EA2AD0340E00D9EBF5 /* Posts.app */ = {isa = PBXFileReference; explicitFileType = wrapper.application; includeInIndex = 0; path = Posts.app; sourceTree = BUILT_PRODUCTS_DIR; };
		A3BBB0ED2AD0340E00D9EBF5 /* AppDelegate.swift */ = {isa = PBXFileReference; lastKnownFileType = sourcecode.swift; path = AppDelegate.swift; sourceTree = "<group>"; };
		A3BBB0EF2AD0340E00D9EBF5 /* SceneDelegate.swift */ = {isa = PBXFileReference; lastKnownFileType = sourcecode.swift; path = SceneDelegate.swift; sourceTree = "<group>"; };
		A3BBB0F12AD0340E00D9EBF5 /* ViewController.swift */ = {isa = PBXFileReference; lastKnownFileType = sourcecode.swift; path = ViewController.swift; sourceTree = "<group>"; };
		A3BBB0F42AD0340E00D9EBF5 /* Base */ = {isa = PBXFileReference; lastKnownFileType = file.storyboard; name = Base; path = Base.lproj/Main.storyboard; sourceTree = "<group>"; };
		A3BBB0F62AD0341000D9EBF5 /* Assets.xcassets */ = {isa = PBXFileReference; lastKnownFileType = folder.assetcatalog; path = Assets.xcassets; sourceTree = "<group>"; };
		A3BBB0F92AD0341000D9EBF5 /* Base */ = {isa = PBXFileReference; lastKnownFileType = file.storyboard; name = Base; path = Base.lproj/LaunchScreen.storyboard; sourceTree = "<group>"; };
		A3BBB0FB2AD0341000D9EBF5 /* Info.plist */ = {isa = PBXFileReference; lastKnownFileType = text.plist.xml; path = Info.plist; sourceTree = "<group>"; };
		A3BBB1012AD0358000D9EBF5 /* PostsData.swift */ = {isa = PBXFileReference; lastKnownFileType = sourcecode.swift; path = PostsData.swift; sourceTree = "<group>"; };
		A3BBB1032AD0369600D9EBF5 /* PostsViewModel.swift */ = {isa = PBXFileReference; lastKnownFileType = sourcecode.swift; path = PostsViewModel.swift; sourceTree = "<group>"; };
		DA68905E91950DFE3CBBE1BC /* Pods-Posts.debug.xcconfig */ = {isa = PBXFileReference; includeInIndex = 1; lastKnownFileType = text.xcconfig; name = "Pods-Posts.debug.xcconfig"; path = "Target Support Files/Pods-Posts/Pods-Posts.debug.xcconfig"; sourceTree = "<group>"; };
/* End PBXFileReference section */

/* Begin PBXFrameworksBuildPhase section */
		A3BBB0E72AD0340E00D9EBF5 /* Frameworks */ = {
			isa = PBXFrameworksBuildPhase;
			buildActionMask = 2147483647;
			files = (
				E0E543DEE3CDB2E773F08F43 /* libPods-Posts.a in Frameworks */,
			);
			runOnlyForDeploymentPostprocessing = 0;
		};
/* End PBXFrameworksBuildPhase section */

/* Begin PBXGroup section */
		A3BBB0E12AD0340E00D9EBF5 = {
			isa = PBXGroup;
			children = (
				A3BBB0EC2AD0340E00D9EBF5 /* Posts */,
				A3BBB0EB2AD0340E00D9EBF5 /* Products */,
				DCAD10B55E053527444ECBA1 /* Pods */,
				EF1B4029ADBB762997495286 /* Frameworks */,
			);
			sourceTree = "<group>";
		};
		A3BBB0EB2AD0340E00D9EBF5 /* Products */ = {
			isa = PBXGroup;
			children = (
				A3BBB0EA2AD0340E00D9EBF5 /* Posts.app */,
			);
			name = Products;
			sourceTree = "<group>";
		};
		A3BBB0EC2AD0340E00D9EBF5 /* Posts */ = {
			isa = PBXGroup;
			children = (
				A3BBB0ED2AD0340E00D9EBF5 /* AppDelegate.swift */,
				A3BBB0EF2AD0340E00D9EBF5 /* SceneDelegate.swift */,
				A3BBB0F12AD0340E00D9EBF5 /* ViewController.swift */,
				A3BBB1012AD0358000D9EBF5 /* PostsData.swift */,
				A3BBB1032AD0369600D9EBF5 /* PostsViewModel.swift */,
				A3BBB0F32AD0340E00D9EBF5 /* Main.storyboard */,
				A3BBB0F62AD0341000D9EBF5 /* Assets.xcassets */,
				A3BBB0F82AD0341000D9EBF5 /* LaunchScreen.storyboard */,
				A3BBB0FB2AD0341000D9EBF5 /* Info.plist */,
			);
			path = Posts;
			sourceTree = "<group>";
		};
		DCAD10B55E053527444ECBA1 /* Pods */ = {
			isa = PBXGroup;
			children = (
				DA68905E91950DFE3CBBE1BC /* Pods-Posts.debug.xcconfig */,
				61E2A626DF78EE5931FC11C8 /* Pods-Posts.release.xcconfig */,
			);
			name = Pods;
			path = Pods;
			sourceTree = "<group>";
		};
		EF1B4029ADBB762997495286 /* Frameworks */ = {
			isa = PBXGroup;
			children = (
				4FED20BE266B9DD00C6990D2 /* libPods-Posts.a */,
			);
			name = Frameworks;
			sourceTree = "<group>";
		};
/* End PBXGroup section */

/* Begin PBXNativeTarget section */
		A3BBB0E92AD0340E00D9EBF5 /* Posts */ = {
			isa = PBXNativeTarget;
			buildConfigurationList = A3BBB0FE2AD0341000D9EBF5 /* Build configuration list for PBXNativeTarget "Posts" */;
			buildPhases = (
				37D2801284963914317DF864 /* [CP] Check Pods Manifest.lock */,
				A3BBB0E62AD0340E00D9EBF5 /* Sources */,
				A3BBB0E72AD0340E00D9EBF5 /* Frameworks */,
				A3BBB0E82AD0340E00D9EBF5 /* Resources */,
			);
			buildRules = (
			);
			dependencies = (
			);
			name = Posts;
			productName = Posts;
			productReference = A3BBB0EA2AD0340E00D9EBF5 /* Posts.app */;
			productType = "com.apple.product-type.application";
		};
/* End PBXNativeTarget section */

/* Begin PBXProject section */
		A3BBB0E22AD0340E00D9EBF5 /* Project object */ = {
			isa = PBXProject;
			attributes = {
				BuildIndependentTargetsInParallel = 1;
				LastSwiftUpdateCheck = 1500;
				LastUpgradeCheck = 1500;
				TargetAttributes = {
					A3BBB0E92AD0340E00D9EBF5 = {
						CreatedOnToolsVersion = 15.0;
					};
				};
			};
			buildConfigurationList = A3BBB0E52AD0340E00D9EBF5 /* Build configuration list for PBXProject "Posts" */;
			compatibilityVersion = "Xcode 14.0";
			developmentRegion = en;
			hasScannedForEncodings = 0;
			knownRegions = (
				en,
				Base,
			);
			mainGroup = A3BBB0E12AD0340E00D9EBF5;
			productRefGroup = A3BBB0EB2AD0340E00D9EBF5 /* Products */;
			projectDirPath = "";
			projectRoot = "";
			targets = (
				A3BBB0E92AD0340E00D9EBF5 /* Posts */,
			);
		};
/* End PBXProject section */

/* Begin PBXResourcesBuildPhase section */
		A3BBB0E82AD0340E00D9EBF5 /* Resources */ = {
			isa = PBXResourcesBuildPhase;
			buildActionMask = 2147483647;
			files = (
				A3BBB0FA2AD0341000D9EBF5 /* LaunchScreen.storyboard in Resources */,
				A3BBB0F72AD0341000D9EBF5 /* Assets.xcassets in Resources */,
				A3BBB0F52AD0340E00D9EBF5 /* Main.storyboard in Resources */,
			);
			runOnlyForDeploymentPostprocessing = 0;
		};
/* End PBXResourcesBuildPhase section */

/* Begin PBXShellScriptBuildPhase section */
		37D2801284963914317DF864 /* [CP] Check Pods Manifest.lock */ = {
			isa = PBXShellScriptBuildPhase;
			buildActionMask = 2147483647;
			files = (
			);
			inputFileListPaths = (
			);
			inputPaths = (
				"${PODS_PODFILE_DIR_PATH}/Podfile.lock",
				"${PODS_ROOT}/Manifest.lock",
			);
			name = "[CP] Check Pods Manifest.lock";
			outputFileListPaths = (
			);
			outputPaths = (
				"$(DERIVED_FILE_DIR)/Pods-Posts-checkManifestLockResult.txt",
			);
			runOnlyForDeploymentPostprocessing = 0;
			shellPath = /bin/sh;
			shellScript = "diff \"${PODS_PODFILE_DIR_PATH}/Podfile.lock\" \"${PODS_ROOT}/Manifest.lock\" > /dev/null\nif [ $? != 0 ] ; then\n    # print error to STDERR\n    echo \"error: The sandbox is not in sync with the Podfile.lock. Run 'pod install' or update your CocoaPods installation.\" >&2\n    exit 1\nfi\n# This output is used by Xcode 'outputs' to avoid re-running this script phase.\necho \"SUCCESS\" > \"${SCRIPT_OUTPUT_FILE_0}\"\n";
			showEnvVarsInLog = 0;
		};
/* End PBXShellScriptBuildPhase section */

/* Begin PBXSourcesBuildPhase section */
		A3BBB0E62AD0340E00D9EBF5 /* Sources */ = {
			isa = PBXSourcesBuildPhase;
			buildActionMask = 2147483647;
			files = (
				A3BBB0F22AD0340E00D9EBF5 /* ViewController.swift in Sources */,
				A3BBB1042AD0369600D9EBF5 /* PostsViewModel.swift in Sources */,
				A3BBB0EE2AD0340E00D9EBF5 /* AppDelegate.swift in Sources */,
				A3BBB0F02AD0340E00D9EBF5 /* SceneDelegate.swift in Sources */,
				A3BBB1022AD0358000D9EBF5 /* PostsData.swift in Sources */,
			);
			runOnlyForDeploymentPostprocessing = 0;
		};
/* End PBXSourcesBuildPhase section */

/* Begin PBXVariantGroup section */
		A3BBB0F32AD0340E00D9EBF5 /* Main.storyboard */ = {
			isa = PBXVariantGroup;
			children = (
				A3BBB0F42AD0340E00D9EBF5 /* Base */,
			);
			name = Main.storyboard;
			sourceTree = "<group>";
		};
		A3BBB0F82AD0341000D9EBF5 /* LaunchScreen.storyboard */ = {
			isa = PBXVariantGroup;
			children = (
				A3BBB0F92AD0341000D9EBF5 /* Base */,
			);
			name = LaunchScreen.storyboard;
			sourceTree = "<group>";
		};
/* End PBXVariantGroup section */

/* Begin XCBuildConfiguration section */
		A3BBB0FC2AD0341000D9EBF5 /* Debug */ = {
			isa = XCBuildConfiguration;
			buildSettings = {
				ALWAYS_SEARCH_USER_PATHS = NO;
				ASSETCATALOG_COMPILER_GENERATE_SWIFT_ASSET_SYMBOL_EXTENSIONS = YES;
				CLANG_ANALYZER_NONNULL = YES;
				CLANG_ANALYZER_NUMBER_OBJECT_CONVERSION = YES_AGGRESSIVE;
				CLANG_CXX_LANGUAGE_STANDARD = "gnu++20";
				CLANG_ENABLE_MODULES = YES;
				CLANG_ENABLE_OBJC_ARC = YES;
				CLANG_ENABLE_OBJC_WEAK = YES;
				CLANG_WARN_BLOCK_CAPTURE_AUTORELEASING = YES;
				CLANG_WARN_BOOL_CONVERSION = YES;
				CLANG_WARN_COMMA = YES;
				CLANG_WARN_CONSTANT_CONVERSION = YES;
				CLANG_WARN_DEPRECATED_OBJC_IMPLEMENTATIONS = YES;
				CLANG_WARN_DIRECT_OBJC_ISA_USAGE = YES_ERROR;
				CLANG_WARN_DOCUMENTATION_COMMENTS = YES;
				CLANG_WARN_EMPTY_BODY = YES;
				CLANG_WARN_ENUM_CONVERSION = YES;
				CLANG_WARN_INFINITE_RECURSION = YES;
				CLANG_WARN_INT_CONVERSION = YES;
				CLANG_WARN_NON_LITERAL_NULL_CONVERSION = YES;
				CLANG_WARN_OBJC_IMPLICIT_RETAIN_SELF = YES;
				CLANG_WARN_OBJC_LITERAL_CONVERSION = YES;
				CLANG_WARN_OBJC_ROOT_CLASS = YES_ERROR;
				CLANG_WARN_QUOTED_INCLUDE_IN_FRAMEWORK_HEADER = YES;
				CLANG_WARN_RANGE_LOOP_ANALYSIS = YES;
				CLANG_WARN_STRICT_PROTOTYPES = YES;
				CLANG_WARN_SUSPICIOUS_MOVE = YES;
				CLANG_WARN_UNGUARDED_AVAILABILITY = YES_AGGRESSIVE;
				CLANG_WARN_UNREACHABLE_CODE = YES;
				CLANG_WARN__DUPLICATE_METHOD_MATCH = YES;
				COPY_PHASE_STRIP = NO;
				DEBUG_INFORMATION_FORMAT = dwarf;
				ENABLE_STRICT_OBJC_MSGSEND = YES;
				ENABLE_TESTABILITY = YES;
				ENABLE_USER_SCRIPT_SANDBOXING = YES;
				GCC_C_LANGUAGE_STANDARD = gnu17;
				GCC_DYNAMIC_NO_PIC = NO;
				GCC_NO_COMMON_BLOCKS = YES;
				GCC_OPTIMIZATION_LEVEL = 0;
				GCC_PREPROCESSOR_DEFINITIONS = (
					"DEBUG=1",
					"$(inherited)",
				);
				GCC_WARN_64_TO_32_BIT_CONVERSION = YES;
				GCC_WARN_ABOUT_RETURN_TYPE = YES_ERROR;
				GCC_WARN_UNDECLARED_SELECTOR = YES;
				GCC_WARN_UNINITIALIZED_AUTOS = YES_AGGRESSIVE;
				GCC_WARN_UNUSED_FUNCTION = YES;
				GCC_WARN_UNUSED_VARIABLE = YES;
				IPHONEOS_DEPLOYMENT_TARGET = 17.0;
				LOCALIZATION_PREFERS_STRING_CATALOGS = YES;
				MTL_ENABLE_DEBUG_INFO = INCLUDE_SOURCE;
				MTL_FAST_MATH = YES;
				ONLY_ACTIVE_ARCH = YES;
				SDKROOT = iphoneos;
				SWIFT_ACTIVE_COMPILATION_CONDITIONS = "DEBUG $(inherited)";
				SWIFT_OPTIMIZATION_LEVEL = "-Onone";
			};
			name = Debug;
		};
		A3BBB0FD2AD0341000D9EBF5 /* Release */ = {
			isa = XCBuildConfiguration;
			buildSettings = {
				ALWAYS_SEARCH_USER_PATHS = NO;
				ASSETCATALOG_COMPILER_GENERATE_SWIFT_ASSET_SYMBOL_EXTENSIONS = YES;
				CLANG_ANALYZER_NONNULL = YES;
				CLANG_ANALYZER_NUMBER_OBJECT_CONVERSION = YES_AGGRESSIVE;
				CLANG_CXX_LANGUAGE_STANDARD = "gnu++20";
				CLANG_ENABLE_MODULES = YES;
				CLANG_ENABLE_OBJC_ARC = YES;
				CLANG_ENABLE_OBJC_WEAK = YES;
				CLANG_WARN_BLOCK_CAPTURE_AUTORELEASING = YES;
				CLANG_WARN_BOOL_CONVERSION = YES;
				CLANG_WARN_COMMA = YES;
				CLANG_WARN_CONSTANT_CONVERSION = YES;
				CLANG_WARN_DEPRECATED_OBJC_IMPLEMENTATIONS = YES;
				CLANG_WARN_DIRECT_OBJC_ISA_USAGE = YES_ERROR;
				CLANG_WARN_DOCUMENTATION_COMMENTS = YES;
				CLANG_WARN_EMPTY_BODY = YES;
				CLANG_WARN_ENUM_CONVERSION = YES;
				CLANG_WARN_INFINITE_RECURSION = YES;
				CLANG_WARN_INT_CONVERSION = YES;
				CLANG_WARN_NON_LITERAL_NULL_CONVERSION = YES;
				CLANG_WARN_OBJC_IMPLICIT_RETAIN_SELF = YES;
				CLANG_WARN_OBJC_LITERAL_CONVERSION = YES;
				CLANG_WARN_OBJC_ROOT_CLASS = YES_ERROR;
				CLANG_WARN_QUOTED_INCLUDE_IN_FRAMEWORK_HEADER = YES;
				CLANG_WARN_RANGE_LOOP_ANALYSIS = YES;
				CLANG_WARN_STRICT_PROTOTYPES = YES;
				CLANG_WARN_SUSPICIOUS_MOVE = YES;
				CLANG_WARN_UNGUARDED_AVAILABILITY = YES_AGGRESSIVE;
				CLANG_WARN_UNREACHABLE_CODE = YES;
				CLANG_WARN__DUPLICATE_METHOD_MATCH = YES;
				COPY_PHASE_STRIP = NO;
				DEBUG_INFORMATION_FORMAT = "dwarf-with-dsym";
				ENABLE_NS_ASSERTIONS = NO;
				ENABLE_STRICT_OBJC_MSGSEND = YES;
				ENABLE_USER_SCRIPT_SANDBOXING = YES;
				GCC_C_LANGUAGE_STANDARD = gnu17;
				GCC_NO_COMMON_BLOCKS = YES;
				GCC_WARN_64_TO_32_BIT_CONVERSION = YES;
				GCC_WARN_ABOUT_RETURN_TYPE = YES_ERROR;
				GCC_WARN_UNDECLARED_SELECTOR = YES;
				GCC_WARN_UNINITIALIZED_AUTOS = YES_AGGRESSIVE;
				GCC_WARN_UNUSED_FUNCTION = YES;
				GCC_WARN_UNUSED_VARIABLE = YES;
				IPHONEOS_DEPLOYMENT_TARGET = 17.0;
				LOCALIZATION_PREFERS_STRING_CATALOGS = YES;
				MTL_ENABLE_DEBUG_INFO = NO;
				MTL_FAST_MATH = YES;
				SDKROOT = iphoneos;
				SWIFT_COMPILATION_MODE = wholemodule;
				VALIDATE_PRODUCT = YES;
			};
			name = Release;
		};
		A3BBB0FF2AD0341000D9EBF5 /* Debug */ = {
			isa = XCBuildConfiguration;
			baseConfigurationReference = DA68905E91950DFE3CBBE1BC /* Pods-Posts.debug.xcconfig */;
			buildSettings = {
				ASSETCATALOG_COMPILER_APPICON_NAME = AppIcon;
				ASSETCATALOG_COMPILER_GLOBAL_ACCENT_COLOR_NAME = AccentColor;
				CODE_SIGN_STYLE = Automatic;
				CURRENT_PROJECT_VERSION = 1;
				DEVELOPMENT_TEAM = 4FRRK3F796;
				GENERATE_INFOPLIST_FILE = YES;
				INFOPLIST_FILE = Posts/Info.plist;
				INFOPLIST_KEY_UIApplicationSupportsIndirectInputEvents = YES;
				INFOPLIST_KEY_UILaunchStoryboardName = LaunchScreen;
				INFOPLIST_KEY_UIMainStoryboardFile = Main;
				INFOPLIST_KEY_UISupportedInterfaceOrientations = UIInterfaceOrientationPortrait;
				IPHONEOS_DEPLOYMENT_TARGET = 14.0;
				LD_RUNPATH_SEARCH_PATHS = (
					"$(inherited)",
					"@executable_path/Frameworks",
				);
				MARKETING_VERSION = 1.0;
				PRODUCT_BUNDLE_IDENTIFIER = martakalichynska.Posts;
				PRODUCT_NAME = "$(TARGET_NAME)";
				SWIFT_EMIT_LOC_STRINGS = YES;
				SWIFT_VERSION = 5.0;
				TARGETED_DEVICE_FAMILY = "1,2";
			};
			name = Debug;
		};
		A3BBB1002AD0341000D9EBF5 /* Release */ = {
			isa = XCBuildConfiguration;
			baseConfigurationReference = 61E2A626DF78EE5931FC11C8 /* Pods-Posts.release.xcconfig */;
			buildSettings = {
				ASSETCATALOG_COMPILER_APPICON_NAME = AppIcon;
				ASSETCATALOG_COMPILER_GLOBAL_ACCENT_COLOR_NAME = AccentColor;
				CODE_SIGN_STYLE = Automatic;
				CURRENT_PROJECT_VERSION = 1;
				DEVELOPMENT_TEAM = 4FRRK3F796;
				GENERATE_INFOPLIST_FILE = YES;
				INFOPLIST_FILE = Posts/Info.plist;
				INFOPLIST_KEY_UIApplicationSupportsIndirectInputEvents = YES;
				INFOPLIST_KEY_UILaunchStoryboardName = LaunchScreen;
				INFOPLIST_KEY_UIMainStoryboardFile = Main;
				INFOPLIST_KEY_UISupportedInterfaceOrientations = UIInterfaceOrientationPortrait;
				IPHONEOS_DEPLOYMENT_TARGET = 14.0;
				LD_RUNPATH_SEARCH_PATHS = (
					"$(inherited)",
					"@executable_path/Frameworks",
				);
				MARKETING_VERSION = 1.0;
				PRODUCT_BUNDLE_IDENTIFIER = martakalichynska.Posts;
				PRODUCT_NAME = "$(TARGET_NAME)";
				SWIFT_EMIT_LOC_STRINGS = YES;
				SWIFT_VERSION = 5.0;
				TARGETED_DEVICE_FAMILY = "1,2";
			};
			name = Release;
		};
/* End XCBuildConfiguration section */

/* Begin XCConfigurationList section */
		A3BBB0E52AD0340E00D9EBF5 /* Build configuration list for PBXProject "Posts" */ = {
			isa = XCConfigurationList;
			buildConfigurations = (
				A3BBB0FC2AD0341000D9EBF5 /* Debug */,
				A3BBB0FD2AD0341000D9EBF5 /* Release */,
			);
			defaultConfigurationIsVisible = 0;
			defaultConfigurationName = Release;
		};
		A3BBB0FE2AD0341000D9EBF5 /* Build configuration list for PBXNativeTarget "Posts" */ = {
			isa = XCConfigurationList;
			buildConfigurations = (
				A3BBB0FF2AD0341000D9EBF5 /* Debug */,
				A3BBB1002AD0341000D9EBF5 /* Release */,
			);
			defaultConfigurationIsVisible = 0;
			defaultConfigurationName = Release;
		};
/* End XCConfigurationList section */
	};
	rootObject = A3BBB0E22AD0340E00D9EBF5 /* Project object */;
}
